{
  "name": "unspeech",
  "version": "0.1.14",
  "lockfileVersion": 3,
  "requires": true,
  "packages": {
    "": {
      "name": "unspeech",
      "version": "0.1.14",
      "license": "MIT",
      "dependencies": {
        "@xsai-ext/providers": "^0.4.0",
        "@xsai/shared": "^0.4.0"
      }
    },
    "node_modules/@xsai-ext/providers": {
      "version": "0.4.4",
      "resolved": "https://registry.npmjs.org/@xsai-ext/providers/-/providers-0.4.4.tgz",
      "integrity": "sha512-PVk3IFOPzPyvss9zY6IO6pJ890F5B6LWGWuhU6DzofWMTnqcUzm0hR2Ml/Qo8kZa3Qy/DZkUT0O1T+5g/fZkWw==",
      "license": "MIT",
      "dependencies": {
        "@xsai/shared": "~0.4.4"
      }
    },
    "node_modules/@xsai/shared": {
      "version": "0.4.4",
      "resolved": "https://registry.npmjs.org/@xsai/shared/-/shared-0.4.4.tgz",
      "integrity": "sha512-ZrOeRJ0fqV8YRDwyQbYJx1N8Fe2UTl2psjV7ucYJ+gMr3oWzrmNfTX9zrpV9zwzBMUe6VvqhK/iJzz8p4jYlsw==",
      "license": "MIT"
    }
  }
}
